
Microsoft Visual Studio Solution File, Format Version 12.00
# Visual Studio 2012
Project("{FAE04EC0-301F-11D3-BF4B-00C04F79EFBC}") = "Validus.Console", "Validus.Console\Validus.Console.csproj", "{D15C1070-0AE4-42BD-9E1A-0C70A5E90497}"
EndProject
Project("{FAE04EC0-301F-11D3-BF4B-00C04F79EFBC}") = "Validus.Console.Tests", "Validus.Console.Tests\Validus.Console.Tests.csproj", "{D4DB38DD-B71D-40EC-B8F3-4FDB8D86F122}"
EndProject
Project("{FAE04EC0-301F-11D3-BF4B-00C04F79EFBC}") = "Validus.Models", "Validus.Models\Validus.Models.csproj", "{B68B0755-D2E1-41AA-BEE9-87C642D7EA11}"
EndProject
Project("{FAE04EC0-301F-11D3-BF4B-00C04F79EFBC}") = "Validus.Core", "Validus.Core\Validus.Core.csproj", "{2E49C350-33B5-46DA-8DD3-E526B2511CAA}"
EndProject
Project("{FAE04EC0-301F-11D3-BF4B-00C04F79EFBC}") = "Validus.Core.Tests", "Validus.Core.Tests\Validus.Core.Tests.csproj", "{A3A8F80D-2852-4E9D-8AA2-C1BE53457B62}"
EndProject
Project("{2150E333-8FDC-42A3-9474-1A3956D46DE8}") = ".nuget", ".nuget", "{3C3F127E-7BF4-45F6-A101-5B431DE19583}"
	ProjectSection(SolutionItems) = preProject
		.nuget\packages.config = .nuget\packages.config
	EndProjectSection
EndProject
Project("{FAE04EC0-301F-11D3-BF4B-00C04F79EFBC}") = "Validus.Console.UiTests", "Validus.Console.UiTests\Validus.Console.UiTests.csproj", "{E193BC39-7D24-490E-93E6-EC537B465397}"
EndProject
Project("{2150E333-8FDC-42A3-9474-1A3956D46DE8}") = "Solution Items", "Solution Items", "{20344891-3BFC-4D0C-BEC6-77C9CAC9E34A}"
	ProjectSection(SolutionItems) = preProject
		ITC-01.testsettings = ITC-01.testsettings
		Validus.Console.vsmdi = Validus.Console.vsmdi
	EndProjectSection
EndProject
Project("{FAE04EC0-301F-11D3-BF4B-00C04F79EFBC}") = "Validus.ConsoleData", "Validus.ConsoleData\Validus.ConsoleData.csproj", "{8F0F0196-87C9-4C00-A1E8-5A137C9579FA}"
EndProject
Project("{FAE04EC0-301F-11D3-BF4B-00C04F79EFBC}") = "Validus.ConsoleDataSetup", "Validus.ConsoleDataSetup\Validus.ConsoleDataSetup.csproj", "{90ECA8D6-B867-4F67-B839-8D7CD6FECDFB}"
EndProject
Global
	GlobalSection(TeamFoundationVersionControl) = preSolution
		SccNumberOfProjects = 9
		SccEnterpriseProvider = {4CA58AB2-18FA-4F8D-95D4-32DDF27D184C}
		SccTeamFoundationServer = http://uktfsdev01:8080/tfs/defaultdevcollection
		SccLocalPath0 = .
		SccProjectUniqueName1 = Validus.Console.Tests\\Validus.Console.Tests.csproj
		SccProjectName1 = Validus.Console.Tests
		SccLocalPath1 = Validus.Console.Tests
		SccProjectUniqueName2 = Validus.Console\\Validus.Console.csproj
		SccProjectName2 = Validus.Console
		SccLocalPath2 = Validus.Console
		SccProjectUniqueName3 = Validus.Models\\Validus.Models.csproj
		SccProjectName3 = Validus.Models
		SccLocalPath3 = Validus.Models
		SccProjectUniqueName4 = Validus.Core\\Validus.Core.csproj
		SccProjectName4 = Validus.Core
		SccLocalPath4 = Validus.Core
		SccProjectUniqueName5 = Validus.Core.Tests\\Validus.Core.Tests.csproj
		SccProjectName5 = Validus.Core.Tests
		SccLocalPath5 = Validus.Core.Tests
		SccProjectUniqueName6 = Validus.Console.UiTests\\Validus.Console.UiTests.csproj
		SccProjectName6 = Validus.Console.UiTests
		SccLocalPath6 = Validus.Console.UiTests
		SccProjectUniqueName7 = Validus.ConsoleData\\Validus.ConsoleData.csproj
		SccProjectName7 = Validus.ConsoleData
		SccLocalPath7 = Validus.ConsoleData
		SccProjectUniqueName8 = Validus.ConsoleDataSetup\\Validus.ConsoleDataSetup.csproj
		SccProjectName8 = Validus.ConsoleDataSetup
		SccLocalPath8 = Validus.ConsoleDataSetup
	EndGlobalSection
	GlobalSection(TestCaseManagementSettings) = postSolution
		CategoryFile = Validus.Console.vsmdi
	EndGlobalSection
	GlobalSection(SolutionConfigurationPlatforms) = preSolution
		CD_ROM|Any CPU = CD_ROM|Any CPU
		Debug|Any CPU = Debug|Any CPU
		DVD-5|Any CPU = DVD-5|Any CPU
		Release|Any CPU = Release|Any CPU
		SingleImage|Any CPU = SingleImage|Any CPU
	EndGlobalSection
	GlobalSection(ProjectConfigurationPlatforms) = postSolution
		{D15C1070-0AE4-42BD-9E1A-0C70A5E90497}.CD_ROM|Any CPU.ActiveCfg = Release|Any CPU
		{D15C1070-0AE4-42BD-9E1A-0C70A5E90497}.CD_ROM|Any CPU.Build.0 = Release|Any CPU
		{D15C1070-0AE4-42BD-9E1A-0C70A5E90497}.Debug|Any CPU.ActiveCfg = Debug|Any CPU
		{D15C1070-0AE4-42BD-9E1A-0C70A5E90497}.Debug|Any CPU.Build.0 = Debug|Any CPU
		{D15C1070-0AE4-42BD-9E1A-0C70A5E90497}.DVD-5|Any CPU.ActiveCfg = Debug|Any CPU
		{D15C1070-0AE4-42BD-9E1A-0C70A5E90497}.DVD-5|Any CPU.Build.0 = Debug|Any CPU
		{D15C1070-0AE4-42BD-9E1A-0C70A5E90497}.Release|Any CPU.ActiveCfg = Release|Any CPU
		{D15C1070-0AE4-42BD-9E1A-0C70A5E90497}.Release|Any CPU.Build.0 = Release|Any CPU
		{D15C1070-0AE4-42BD-9E1A-0C70A5E90497}.SingleImage|Any CPU.ActiveCfg = Release|Any CPU
		{D15C1070-0AE4-42BD-9E1A-0C70A5E90497}.SingleImage|Any CPU.Build.0 = Release|Any CPU
		{D4DB38DD-B71D-40EC-B8F3-4FDB8D86F122}.CD_ROM|Any CPU.ActiveCfg = Release|Any CPU
		{D4DB38DD-B71D-40EC-B8F3-4FDB8D86F122}.CD_ROM|Any CPU.Build.0 = Release|Any CPU
		{D4DB38DD-B71D-40EC-B8F3-4FDB8D86F122}.Debug|Any CPU.ActiveCfg = Debug|Any CPU
		{D4DB38DD-B71D-40EC-B8F3-4FDB8D86F122}.Debug|Any CPU.Build.0 = Debug|Any CPU
		{D4DB38DD-B71D-40EC-B8F3-4FDB8D86F122}.DVD-5|Any CPU.ActiveCfg = Debug|Any CPU
		{D4DB38DD-B71D-40EC-B8F3-4FDB8D86F122}.DVD-5|Any CPU.Build.0 = Debug|Any CPU
		{D4DB38DD-B71D-40EC-B8F3-4FDB8D86F122}.Release|Any CPU.ActiveCfg = Release|Any CPU
		{D4DB38DD-B71D-40EC-B8F3-4FDB8D86F122}.Release|Any CPU.Build.0 = Release|Any CPU
		{D4DB38DD-B71D-40EC-B8F3-4FDB8D86F122}.SingleImage|Any CPU.ActiveCfg = Release|Any CPU
		{D4DB38DD-B71D-40EC-B8F3-4FDB8D86F122}.SingleImage|Any CPU.Build.0 = Release|Any CPU
		{B68B0755-D2E1-41AA-BEE9-87C642D7EA11}.CD_ROM|Any CPU.ActiveCfg = Release|Any CPU
		{B68B0755-D2E1-41AA-BEE9-87C642D7EA11}.CD_ROM|Any CPU.Build.0 = Release|Any CPU
		{B68B0755-D2E1-41AA-BEE9-87C642D7EA11}.Debug|Any CPU.ActiveCfg = Debug|Any CPU
		{B68B0755-D2E1-41AA-BEE9-87C642D7EA11}.Debug|Any CPU.Build.0 = Debug|Any CPU
		{B68B0755-D2E1-41AA-BEE9-87C642D7EA11}.DVD-5|Any CPU.ActiveCfg = Debug|Any CPU
		{B68B0755-D2E1-41AA-BEE9-87C642D7EA11}.DVD-5|Any CPU.Build.0 = Debug|Any CPU
		{B68B0755-D2E1-41AA-BEE9-87C642D7EA11}.Release|Any CPU.ActiveCfg = Release|Any CPU
		{B68B0755-D2E1-41AA-BEE9-87C642D7EA11}.Release|Any CPU.Build.0 = Release|Any CPU
		{B68B0755-D2E1-41AA-BEE9-87C642D7EA11}.SingleImage|Any CPU.ActiveCfg = Release|Any CPU
		{B68B0755-D2E1-41AA-BEE9-87C642D7EA11}.SingleImage|Any CPU.Build.0 = Release|Any CPU
		{2E49C350-33B5-46DA-8DD3-E526B2511CAA}.CD_ROM|Any CPU.ActiveCfg = Release|Any CPU
		{2E49C350-33B5-46DA-8DD3-E526B2511CAA}.CD_ROM|Any CPU.Build.0 = Release|Any CPU
		{2E49C350-33B5-46DA-8DD3-E526B2511CAA}.Debug|Any CPU.ActiveCfg = Debug|Any CPU
		{2E49C350-33B5-46DA-8DD3-E526B2511CAA}.Debug|Any CPU.Build.0 = Debug|Any CPU
		{2E49C350-33B5-46DA-8DD3-E526B2511CAA}.DVD-5|Any CPU.ActiveCfg = Debug|Any CPU
		{2E49C350-33B5-46DA-8DD3-E526B2511CAA}.DVD-5|Any CPU.Build.0 = Debug|Any CPU
		{2E49C350-33B5-46DA-8DD3-E526B2511CAA}.Release|Any CPU.ActiveCfg = Release|Any CPU
		{2E49C350-33B5-46DA-8DD3-E526B2511CAA}.Release|Any CPU.Build.0 = Release|Any CPU
		{2E49C350-33B5-46DA-8DD3-E526B2511CAA}.SingleImage|Any CPU.ActiveCfg = Release|Any CPU
		{2E49C350-33B5-46DA-8DD3-E526B2511CAA}.SingleImage|Any CPU.Build.0 = Release|Any CPU
		{A3A8F80D-2852-4E9D-8AA2-C1BE53457B62}.CD_ROM|Any CPU.ActiveCfg = Release|Any CPU
		{A3A8F80D-2852-4E9D-8AA2-C1BE53457B62}.CD_ROM|Any CPU.Build.0 = Release|Any CPU
		{A3A8F80D-2852-4E9D-8AA2-C1BE53457B62}.Debug|Any CPU.ActiveCfg = Debug|Any CPU
		{A3A8F80D-2852-4E9D-8AA2-C1BE53457B62}.Debug|Any CPU.Build.0 = Debug|Any CPU
		{A3A8F80D-2852-4E9D-8AA2-C1BE53457B62}.DVD-5|Any CPU.ActiveCfg = Debug|Any CPU
		{A3A8F80D-2852-4E9D-8AA2-C1BE53457B62}.DVD-5|Any CPU.Build.0 = Debug|Any CPU
		{A3A8F80D-2852-4E9D-8AA2-C1BE53457B62}.Release|Any CPU.ActiveCfg = Release|Any CPU
		{A3A8F80D-2852-4E9D-8AA2-C1BE53457B62}.Release|Any CPU.Build.0 = Release|Any CPU
		{A3A8F80D-2852-4E9D-8AA2-C1BE53457B62}.SingleImage|Any CPU.ActiveCfg = Release|Any CPU
		{A3A8F80D-2852-4E9D-8AA2-C1BE53457B62}.SingleImage|Any CPU.Build.0 = Release|Any CPU
		{E193BC39-7D24-490E-93E6-EC537B465397}.CD_ROM|Any CPU.ActiveCfg = Release|Any CPU
		{E193BC39-7D24-490E-93E6-EC537B465397}.CD_ROM|Any CPU.Build.0 = Release|Any CPU
		{E193BC39-7D24-490E-93E6-EC537B465397}.Debug|Any CPU.ActiveCfg = Debug|Any CPU
		{E193BC39-7D24-490E-93E6-EC537B465397}.Debug|Any CPU.Build.0 = Debug|Any CPU
		{E193BC39-7D24-490E-93E6-EC537B465397}.DVD-5|Any CPU.ActiveCfg = Debug|Any CPU
		{E193BC39-7D24-490E-93E6-EC537B465397}.DVD-5|Any CPU.Build.0 = Debug|Any CPU
		{E193BC39-7D24-490E-93E6-EC537B465397}.Release|Any CPU.ActiveCfg = Release|Any CPU
		{E193BC39-7D24-490E-93E6-EC537B465397}.Release|Any CPU.Build.0 = Release|Any CPU
		{E193BC39-7D24-490E-93E6-EC537B465397}.SingleImage|Any CPU.ActiveCfg = Release|Any CPU
		{E193BC39-7D24-490E-93E6-EC537B465397}.SingleImage|Any CPU.Build.0 = Release|Any CPU
		{8F0F0196-87C9-4C00-A1E8-5A137C9579FA}.CD_ROM|Any CPU.ActiveCfg = Release|Any CPU
		{8F0F0196-87C9-4C00-A1E8-5A137C9579FA}.CD_ROM|Any CPU.Build.0 = Release|Any CPU
		{8F0F0196-87C9-4C00-A1E8-5A137C9579FA}.Debug|Any CPU.ActiveCfg = Debug|Any CPU
		{8F0F0196-87C9-4C00-A1E8-5A137C9579FA}.Debug|Any CPU.Build.0 = Debug|Any CPU
		{8F0F0196-87C9-4C00-A1E8-5A137C9579FA}.DVD-5|Any CPU.ActiveCfg = Debug|Any CPU
		{8F0F0196-87C9-4C00-A1E8-5A137C9579FA}.DVD-5|Any CPU.Build.0 = Debug|Any CPU
		{8F0F0196-87C9-4C00-A1E8-5A137C9579FA}.Release|Any CPU.ActiveCfg = Release|Any CPU
		{8F0F0196-87C9-4C00-A1E8-5A137C9579FA}.Release|Any CPU.Build.0 = Release|Any CPU
		{8F0F0196-87C9-4C00-A1E8-5A137C9579FA}.SingleImage|Any CPU.ActiveCfg = Release|Any CPU
		{8F0F0196-87C9-4C00-A1E8-5A137C9579FA}.SingleImage|Any CPU.Build.0 = Release|Any CPU
		{90ECA8D6-B867-4F67-B839-8D7CD6FECDFB}.CD_ROM|Any CPU.ActiveCfg = Release|Any CPU
		{90ECA8D6-B867-4F67-B839-8D7CD6FECDFB}.CD_ROM|Any CPU.Build.0 = Release|Any CPU
		{90ECA8D6-B867-4F67-B839-8D7CD6FECDFB}.Debug|Any CPU.ActiveCfg = Debug|Any CPU
		{90ECA8D6-B867-4F67-B839-8D7CD6FECDFB}.Debug|Any CPU.Build.0 = Debug|Any CPU
		{90ECA8D6-B867-4F67-B839-8D7CD6FECDFB}.DVD-5|Any CPU.ActiveCfg = Debug|Any CPU
		{90ECA8D6-B867-4F67-B839-8D7CD6FECDFB}.DVD-5|Any CPU.Build.0 = Debug|Any CPU
		{90ECA8D6-B867-4F67-B839-8D7CD6FECDFB}.Release|Any CPU.ActiveCfg = Release|Any CPU
		{90ECA8D6-B867-4F67-B839-8D7CD6FECDFB}.Release|Any CPU.Build.0 = Release|Any CPU
		{90ECA8D6-B867-4F67-B839-8D7CD6FECDFB}.SingleImage|Any CPU.ActiveCfg = Release|Any CPU
		{90ECA8D6-B867-4F67-B839-8D7CD6FECDFB}.SingleImage|Any CPU.Build.0 = Release|Any CPU
	EndGlobalSection
	GlobalSection(SolutionProperties) = preSolution
		HideSolutionNode = FALSE
	EndGlobalSection
	GlobalSection(ExtensibilityGlobals) = postSolution
		EnterpriseLibraryConfigurationToolBinariesPath = packages\EnterpriseLibrary.Validation.5.0.505.0\lib\NET35;packages\Unity.2.1.505.2\lib\NET35;packages\Unity.Interception.2.1.505.2\lib\NET35;packages\EnterpriseLibrary.Common.5.0.505.0\lib\NET35
	EndGlobalSection
EndGlobal
